PODS:
  - Charts (3.2.1):
    - Charts/Core (= 3.2.1)
  - Charts/Core (3.2.1)
  - Surge (2.0.0)

DEPENDENCIES:
  - Charts
  - Surge (~> 2.0.0)

SPEC REPOS:
  https://github.com/cocoapods/specs.git:
    - Charts
    - Surge

SPEC CHECKSUMS:
  Charts: f122fb70b19847fa5817d018b77d6c5a2296ab25
  Surge: 1f0286bc5f0fe4283f3455479895bf85c7ef7760

PODFILE CHECKSUM: 534dd638895433281fc1eff739bfe7cf5e908baa

COCOAPODS: 1.5.3
