PODS:
  - Charts (3.2.1):
    - Charts/Core (= 3.2.1)
  - Charts/Core (3.2.1)
  - CSV.swift (2.3.1)
  - lottie-ios (2.5.2)
  - SideMenu (5.0.3)
  - SpreadsheetView (0.8.4)
  - Surge (2.0.0)

DEPENDENCIES:
  - Charts
  - CSV.swift
  - lottie-ios
  - SideMenu
  - SpreadsheetView
  - Surge (~> 2.0.0)

SPEC REPOS:
  https://github.com/cocoapods/specs.git:
    - Charts
    - CSV.swift
    - lottie-ios
    - SideMenu
    - SpreadsheetView
    - Surge

SPEC CHECKSUMS:
  Charts: f122fb70b19847fa5817d018b77d6c5a2296ab25
  CSV.swift: d16f671b3090a2c0525d5f2165b18319074aae2b
  lottie-ios: 3fef45d3fabe63e3c7c2eb603dd64ddfffc73062
  SideMenu: 1dcaabce84538c53325c287f7fe62999379a641c
  SpreadsheetView: 17c55b6dc82099993cc2ceb818248d19f3220998
  Surge: 1f0286bc5f0fe4283f3455479895bf85c7ef7760

PODFILE CHECKSUM: fc23991ccb32bb830c3a5f9ed40f5f92c0194e3d

COCOAPODS: 1.5.3
