// !$*UTF8*$!
{
	archiveVersion = 1;
	classes = {
	};
	objectVersion = 50;
	objects = {

/* Begin PBXBuildFile section */
		66218F66FBBAEBC07819F0FF /* Pods_BLUE.framework in Frameworks */ = {isa = PBXBuildFile; fileRef = BC111CBD647C7FAD1D583672 /* Pods_BLUE.framework */; };
		F90FACEB21D115AB00B1D238 /* RestsChartsViewController.swift in Sources */ = {isa = PBXBuildFile; fileRef = F90FACEA21D115AB00B1D238 /* RestsChartsViewController.swift */; };
		F916DB7621AAD28300E73E4E /* ChartView.swift in Sources */ = {isa = PBXBuildFile; fileRef = F916DB7521AAD28300E73E4E /* ChartView.swift */; };
		F925853121A02A1600920E33 /* Observation.swift in Sources */ = {isa = PBXBuildFile; fileRef = F925853021A02A1600920E33 /* Observation.swift */; };
		F925853321A02B4A00920E33 /* Model.swift in Sources */ = {isa = PBXBuildFile; fileRef = F925853221A02B4A00920E33 /* Model.swift */; };
		F941DD5521BD37F500CD93BF /* FirstViewController.swift in Sources */ = {isa = PBXBuildFile; fileRef = F941DD5421BD37F500CD93BF /* FirstViewController.swift */; };
		F94C39B721BC535600FB98EC /* SavingService.swift in Sources */ = {isa = PBXBuildFile; fileRef = F94C39B621BC535600FB98EC /* SavingService.swift */; };
		F97E416B21BBF58300883010 /* ObservationsSpreedsheetView.swift in Sources */ = {isa = PBXBuildFile; fileRef = F97E416A21BBF58300883010 /* ObservationsSpreedsheetView.swift */; };
		F97E417121BC19E400883010 /* Main.storyboard in Resources */ = {isa = PBXBuildFile; fileRef = F97E417021BC19E400883010 /* Main.storyboard */; };
		F99B87F321B1F1EB00779422 /* OLS.swift in Sources */ = {isa = PBXBuildFile; fileRef = F99B87F221B1F1EB00779422 /* OLS.swift */; };
		F9AA8E512199B7A200562A1F /* AppDelegate.swift in Sources */ = {isa = PBXBuildFile; fileRef = F9AA8E502199B7A200562A1F /* AppDelegate.swift */; };
		F9AA8E532199B7A200562A1F /* ViewController.swift in Sources */ = {isa = PBXBuildFile; fileRef = F9AA8E522199B7A200562A1F /* ViewController.swift */; };
		F9AA8E5B2199B7A400562A1F /* Assets.xcassets in Resources */ = {isa = PBXBuildFile; fileRef = F9AA8E5A2199B7A400562A1F /* Assets.xcassets */; };
		F9AA8E5E2199B7A400562A1F /* LaunchScreen.storyboard in Resources */ = {isa = PBXBuildFile; fileRef = F9AA8E5C2199B7A400562A1F /* LaunchScreen.storyboard */; };
		F9AC339C21D0294800EF7F94 /* CandleChartViewController.swift in Sources */ = {isa = PBXBuildFile; fileRef = F9AC339B21D0294800EF7F94 /* CandleChartViewController.swift */; };
		F9C7557921C50A6E00A0F8A3 /* test1.txt in Resources */ = {isa = PBXBuildFile; fileRef = F9C7557821C50A6E00A0F8A3 /* test1.txt */; };
		F9DDFECB21CE650E00F9C91F /* SideMenuView.swift in Sources */ = {isa = PBXBuildFile; fileRef = F9DDFECA21CE650E00F9C91F /* SideMenuView.swift */; };
		F9E584C521D0FA9A0063ABFE /* sampleVideo.mp4 in Resources */ = {isa = PBXBuildFile; fileRef = F9E584C421D0FA9A0063ABFE /* sampleVideo.mp4 */; };
		F9E584C721D0FEFF0063ABFE /* OtherProtocols.swift in Sources */ = {isa = PBXBuildFile; fileRef = F9E584C621D0FEFF0063ABFE /* OtherProtocols.swift */; };
		F9FC2E7B21CED9D900A64599 /* Summary.storyboard in Resources */ = {isa = PBXBuildFile; fileRef = F9FC2E7A21CED9D900A64599 /* Summary.storyboard */; };
/* End PBXBuildFile section */

/* Begin PBXFileReference section */
		18A4C8C755078E31FF9E3FF3 /* Pods-BLUE.release.xcconfig */ = {isa = PBXFileReference; includeInIndex = 1; lastKnownFileType = text.xcconfig; name = "Pods-BLUE.release.xcconfig"; path = "Pods/Target Support Files/Pods-BLUE/Pods-BLUE.release.xcconfig"; sourceTree = "<group>"; };
		BC111CBD647C7FAD1D583672 /* Pods_BLUE.framework */ = {isa = PBXFileReference; explicitFileType = wrapper.framework; includeInIndex = 0; path = Pods_BLUE.framework; sourceTree = BUILT_PRODUCTS_DIR; };
		C11274C3C9B3985703778622 /* Pods-BLUE.debug.xcconfig */ = {isa = PBXFileReference; includeInIndex = 1; lastKnownFileType = text.xcconfig; name = "Pods-BLUE.debug.xcconfig"; path = "Pods/Target Support Files/Pods-BLUE/Pods-BLUE.debug.xcconfig"; sourceTree = "<group>"; };
		F90FACEA21D115AB00B1D238 /* RestsChartsViewController.swift */ = {isa = PBXFileReference; lastKnownFileType = sourcecode.swift; path = RestsChartsViewController.swift; sourceTree = "<group>"; };
		F916DB7521AAD28300E73E4E /* ChartView.swift */ = {isa = PBXFileReference; lastKnownFileType = sourcecode.swift; path = ChartView.swift; sourceTree = "<group>"; };
		F925853021A02A1600920E33 /* Observation.swift */ = {isa = PBXFileReference; lastKnownFileType = sourcecode.swift; path = Observation.swift; sourceTree = "<group>"; };
		F925853221A02B4A00920E33 /* Model.swift */ = {isa = PBXFileReference; lastKnownFileType = sourcecode.swift; path = Model.swift; sourceTree = "<group>"; };
		F941DD5421BD37F500CD93BF /* FirstViewController.swift */ = {isa = PBXFileReference; lastKnownFileType = sourcecode.swift; path = FirstViewController.swift; sourceTree = "<group>"; };
		F94C39B621BC535600FB98EC /* SavingService.swift */ = {isa = PBXFileReference; lastKnownFileType = sourcecode.swift; path = SavingService.swift; sourceTree = "<group>"; };
		F97E416A21BBF58300883010 /* ObservationsSpreedsheetView.swift */ = {isa = PBXFileReference; lastKnownFileType = sourcecode.swift; path = ObservationsSpreedsheetView.swift; sourceTree = "<group>"; };
		F97E417021BC19E400883010 /* Main.storyboard */ = {isa = PBXFileReference; fileEncoding = 4; lastKnownFileType = file.storyboard; path = Main.storyboard; sourceTree = "<group>"; };
		F99B87F221B1F1EB00779422 /* OLS.swift */ = {isa = PBXFileReference; lastKnownFileType = sourcecode.swift; path = OLS.swift; sourceTree = "<group>"; };
		F9AA8E4D2199B7A200562A1F /* BLUE.app */ = {isa = PBXFileReference; explicitFileType = wrapper.application; includeInIndex = 0; path = BLUE.app; sourceTree = BUILT_PRODUCTS_DIR; };
		F9AA8E502199B7A200562A1F /* AppDelegate.swift */ = {isa = PBXFileReference; lastKnownFileType = sourcecode.swift; path = AppDelegate.swift; sourceTree = "<group>"; };
		F9AA8E522199B7A200562A1F /* ViewController.swift */ = {isa = PBXFileReference; lastKnownFileType = sourcecode.swift; path = ViewController.swift; sourceTree = "<group>"; };
		F9AA8E5A2199B7A400562A1F /* Assets.xcassets */ = {isa = PBXFileReference; lastKnownFileType = folder.assetcatalog; path = Assets.xcassets; sourceTree = "<group>"; };
		F9AA8E5D2199B7A400562A1F /* Base */ = {isa = PBXFileReference; lastKnownFileType = file.storyboard; name = Base; path = Base.lproj/LaunchScreen.storyboard; sourceTree = "<group>"; };
		F9AA8E5F2199B7A400562A1F /* Info.plist */ = {isa = PBXFileReference; lastKnownFileType = text.plist.xml; path = Info.plist; sourceTree = "<group>"; };
		F9AC339B21D0294800EF7F94 /* CandleChartViewController.swift */ = {isa = PBXFileReference; lastKnownFileType = sourcecode.swift; path = CandleChartViewController.swift; sourceTree = "<group>"; };
		F9C7557821C50A6E00A0F8A3 /* test1.txt */ = {isa = PBXFileReference; fileEncoding = 4; lastKnownFileType = text; path = test1.txt; sourceTree = SOURCE_ROOT; };
		F9C7557A21C5171700A0F8A3 /* BLUE.entitlements */ = {isa = PBXFileReference; lastKnownFileType = text.plist.entitlements; path = BLUE.entitlements; sourceTree = "<group>"; };
		F9DDFECA21CE650E00F9C91F /* SideMenuView.swift */ = {isa = PBXFileReference; lastKnownFileType = sourcecode.swift; path = SideMenuView.swift; sourceTree = "<group>"; };
		F9E584C421D0FA9A0063ABFE /* sampleVideo.mp4 */ = {isa = PBXFileReference; lastKnownFileType = file; path = sampleVideo.mp4; sourceTree = "<group>"; };
		F9E584C621D0FEFF0063ABFE /* OtherProtocols.swift */ = {isa = PBXFileReference; lastKnownFileType = sourcecode.swift; path = OtherProtocols.swift; sourceTree = "<group>"; };
		F9FC2E7A21CED9D900A64599 /* Summary.storyboard */ = {isa = PBXFileReference; fileEncoding = 4; lastKnownFileType = file.storyboard; path = Summary.storyboard; sourceTree = "<group>"; };
/* End PBXFileReference section */

/* Begin PBXFrameworksBuildPhase section */
		F9AA8E4A2199B7A200562A1F /* Frameworks */ = {
			isa = PBXFrameworksBuildPhase;
			buildActionMask = 2147483647;
			files = (
				66218F66FBBAEBC07819F0FF /* Pods_BLUE.framework in Frameworks */,
			);
			runOnlyForDeploymentPostprocessing = 0;
		};
/* End PBXFrameworksBuildPhase section */

/* Begin PBXGroup section */
		DD77AC8391F9F46FBCC908EA /* Pods */ = {
			isa = PBXGroup;
			children = (
				C11274C3C9B3985703778622 /* Pods-BLUE.debug.xcconfig */,
				18A4C8C755078E31FF9E3FF3 /* Pods-BLUE.release.xcconfig */,
			);
			name = Pods;
			sourceTree = "<group>";
		};
		F90FACE921D1157100B1D238 /* Charts */ = {
			isa = PBXGroup;
			children = (
				F9AC339B21D0294800EF7F94 /* CandleChartViewController.swift */,
				F916DB7521AAD28300E73E4E /* ChartView.swift */,
				F90FACEA21D115AB00B1D238 /* RestsChartsViewController.swift */,
			);
			path = Charts;
			sourceTree = "<group>";
		};
		F925852F21A029FB00920E33 /* Model */ = {
			isa = PBXGroup;
			children = (
				F925853021A02A1600920E33 /* Observation.swift */,
				F925853221A02B4A00920E33 /* Model.swift */,
				F99B87F221B1F1EB00779422 /* OLS.swift */,
				F94C39B621BC535600FB98EC /* SavingService.swift */,
				F9E584C621D0FEFF0063ABFE /* OtherProtocols.swift */,
			);
			path = Model;
			sourceTree = "<group>";
		};
		F9687EBEFCF04934C98ECBA0 /* Frameworks */ = {
			isa = PBXGroup;
			children = (
				BC111CBD647C7FAD1D583672 /* Pods_BLUE.framework */,
			);
			name = Frameworks;
			sourceTree = "<group>";
		};
		F99DF53821A068F300C81AC5 /* Controller */ = {
			isa = PBXGroup;
			children = (
				F9AA8E522199B7A200562A1F /* ViewController.swift */,
				F9AA8E502199B7A200562A1F /* AppDelegate.swift */,
				F97E416A21BBF58300883010 /* ObservationsSpreedsheetView.swift */,
				F941DD5421BD37F500CD93BF /* FirstViewController.swift */,
				F9DDFECA21CE650E00F9C91F /* SideMenuView.swift */,
				F90FACE921D1157100B1D238 /* Charts */,
			);
			path = Controller;
			sourceTree = "<group>";
		};
		F99DF53921A0691200C81AC5 /* View */ = {
			isa = PBXGroup;
			children = (
				F97E417021BC19E400883010 /* Main.storyboard */,
				F9FC2E7A21CED9D900A64599 /* Summary.storyboard */,
			);
			path = View;
			sourceTree = "<group>";
		};
		F9AA8E442199B7A200562A1F = {
			isa = PBXGroup;
			children = (
				F9E584C421D0FA9A0063ABFE /* sampleVideo.mp4 */,
				F9AA8E4F2199B7A200562A1F /* BLUE */,
				F9AA8E4E2199B7A200562A1F /* Products */,
				DD77AC8391F9F46FBCC908EA /* Pods */,
				F9687EBEFCF04934C98ECBA0 /* Frameworks */,
			);
			sourceTree = "<group>";
		};
		F9AA8E4E2199B7A200562A1F /* Products */ = {
			isa = PBXGroup;
			children = (
				F9AA8E4D2199B7A200562A1F /* BLUE.app */,
			);
			name = Products;
			sourceTree = "<group>";
		};
		F9AA8E4F2199B7A200562A1F /* BLUE */ = {
			isa = PBXGroup;
			children = (
				F9C7557A21C5171700A0F8A3 /* BLUE.entitlements */,
				F99DF53921A0691200C81AC5 /* View */,
				F99DF53821A068F300C81AC5 /* Controller */,
				F925852F21A029FB00920E33 /* Model */,
				F9AA8E5A2199B7A400562A1F /* Assets.xcassets */,
				F9AA8E5C2199B7A400562A1F /* LaunchScreen.storyboard */,
				F9AA8E5F2199B7A400562A1F /* Info.plist */,
				F9C7557821C50A6E00A0F8A3 /* test1.txt */,
			);
			path = BLUE;
			sourceTree = "<group>";
		};
/* End PBXGroup section */

/* Begin PBXNativeTarget section */
		F9AA8E4C2199B7A200562A1F /* BLUE */ = {
			isa = PBXNativeTarget;
			buildConfigurationList = F9AA8E622199B7A400562A1F /* Build configuration list for PBXNativeTarget "BLUE" */;
			buildPhases = (
				5D70FDB2CB6CAC3686D317C3 /* [CP] Check Pods Manifest.lock */,
				F9AA8E492199B7A200562A1F /* Sources */,
				F9AA8E4A2199B7A200562A1F /* Frameworks */,
				F9AA8E4B2199B7A200562A1F /* Resources */,
				F9EEF7FB50D6001612D641F7 /* [CP] Embed Pods Frameworks */,
			);
			buildRules = (
			);
			dependencies = (
			);
			name = BLUE;
			productName = BLUE;
			productReference = F9AA8E4D2199B7A200562A1F /* BLUE.app */;
			productType = "com.apple.product-type.application";
		};
/* End PBXNativeTarget section */

/* Begin PBXProject section */
		F9AA8E452199B7A200562A1F /* Project object */ = {
			isa = PBXProject;
			attributes = {
				LastSwiftUpdateCheck = 1010;
				LastUpgradeCheck = 1010;
				ORGANIZATIONNAME = "Karol Struniawski";
				TargetAttributes = {
					F9AA8E4C2199B7A200562A1F = {
						CreatedOnToolsVersion = 10.1;
						SystemCapabilities = {
							com.apple.ApplicationGroups.iOS = {
								enabled = 1;
							};
						};
					};
				};
			};
			buildConfigurationList = F9AA8E482199B7A200562A1F /* Build configuration list for PBXProject "BLUE" */;
			compatibilityVersion = "Xcode 9.3";
			developmentRegion = en;
			hasScannedForEncodings = 0;
			knownRegions = (
				en,
				Base,
			);
			mainGroup = F9AA8E442199B7A200562A1F;
			productRefGroup = F9AA8E4E2199B7A200562A1F /* Products */;
			projectDirPath = "";
			projectRoot = "";
			targets = (
				F9AA8E4C2199B7A200562A1F /* BLUE */,
			);
		};
/* End PBXProject section */

/* Begin PBXResourcesBuildPhase section */
		F9AA8E4B2199B7A200562A1F /* Resources */ = {
			isa = PBXResourcesBuildPhase;
			buildActionMask = 2147483647;
			files = (
				F9E584C521D0FA9A0063ABFE /* sampleVideo.mp4 in Resources */,
				F9C7557921C50A6E00A0F8A3 /* test1.txt in Resources */,
				F97E417121BC19E400883010 /* Main.storyboard in Resources */,
				F9AA8E5E2199B7A400562A1F /* LaunchScreen.storyboard in Resources */,
				F9AA8E5B2199B7A400562A1F /* Assets.xcassets in Resources */,
				F9FC2E7B21CED9D900A64599 /* Summary.storyboard in Resources */,
			);
			runOnlyForDeploymentPostprocessing = 0;
		};
/* End PBXResourcesBuildPhase section */

/* Begin PBXShellScriptBuildPhase section */
		5D70FDB2CB6CAC3686D317C3 /* [CP] Check Pods Manifest.lock */ = {
			isa = PBXShellScriptBuildPhase;
			buildActionMask = 2147483647;
			files = (
			);
			inputFileListPaths = (
			);
			inputPaths = (
				"${PODS_PODFILE_DIR_PATH}/Podfile.lock",
				"${PODS_ROOT}/Manifest.lock",
			);
			name = "[CP] Check Pods Manifest.lock";
			outputFileListPaths = (
			);
			outputPaths = (
				"$(DERIVED_FILE_DIR)/Pods-BLUE-checkManifestLockResult.txt",
			);
			runOnlyForDeploymentPostprocessing = 0;
			shellPath = /bin/sh;
			shellScript = "diff \"${PODS_PODFILE_DIR_PATH}/Podfile.lock\" \"${PODS_ROOT}/Manifest.lock\" > /dev/null\nif [ $? != 0 ] ; then\n    # print error to STDERR\n    echo \"error: The sandbox is not in sync with the Podfile.lock. Run 'pod install' or update your CocoaPods installation.\" >&2\n    exit 1\nfi\n# This output is used by Xcode 'outputs' to avoid re-running this script phase.\necho \"SUCCESS\" > \"${SCRIPT_OUTPUT_FILE_0}\"\n";
			showEnvVarsInLog = 0;
		};
		F9EEF7FB50D6001612D641F7 /* [CP] Embed Pods Frameworks */ = {
			isa = PBXShellScriptBuildPhase;
			buildActionMask = 2147483647;
			files = (
			);
			inputFileListPaths = (
			);
			inputPaths = (
				"${SRCROOT}/Pods/Target Support Files/Pods-BLUE/Pods-BLUE-frameworks.sh",
				"${BUILT_PRODUCTS_DIR}/Charts/Charts.framework",
				"${BUILT_PRODUCTS_DIR}/SideMenu/SideMenu.framework",
				"${BUILT_PRODUCTS_DIR}/SpreadsheetView/SpreadsheetView.framework",
				"${BUILT_PRODUCTS_DIR}/Surge/Surge.framework",
			);
			name = "[CP] Embed Pods Frameworks";
			outputFileListPaths = (
			);
			outputPaths = (
				"${TARGET_BUILD_DIR}/${FRAMEWORKS_FOLDER_PATH}/Charts.framework",
				"${TARGET_BUILD_DIR}/${FRAMEWORKS_FOLDER_PATH}/SideMenu.framework",
				"${TARGET_BUILD_DIR}/${FRAMEWORKS_FOLDER_PATH}/SpreadsheetView.framework",
				"${TARGET_BUILD_DIR}/${FRAMEWORKS_FOLDER_PATH}/Surge.framework",
			);
			runOnlyForDeploymentPostprocessing = 0;
			shellPath = /bin/sh;
			shellScript = "\"${SRCROOT}/Pods/Target Support Files/Pods-BLUE/Pods-BLUE-frameworks.sh\"\n";
			showEnvVarsInLog = 0;
		};
/* End PBXShellScriptBuildPhase section */

/* Begin PBXSourcesBuildPhase section */
		F9AA8E492199B7A200562A1F /* Sources */ = {
			isa = PBXSourcesBuildPhase;
			buildActionMask = 2147483647;
			files = (
				F941DD5521BD37F500CD93BF /* FirstViewController.swift in Sources */,
				F925853321A02B4A00920E33 /* Model.swift in Sources */,
				F9DDFECB21CE650E00F9C91F /* SideMenuView.swift in Sources */,
				F925853121A02A1600920E33 /* Observation.swift in Sources */,
				F916DB7621AAD28300E73E4E /* ChartView.swift in Sources */,
				F9AA8E532199B7A200562A1F /* ViewController.swift in Sources */,
				F9E584C721D0FEFF0063ABFE /* OtherProtocols.swift in Sources */,
				F9AA8E512199B7A200562A1F /* AppDelegate.swift in Sources */,
				F97E416B21BBF58300883010 /* ObservationsSpreedsheetView.swift in Sources */,
				F90FACEB21D115AB00B1D238 /* RestsChartsViewController.swift in Sources */,
				F99B87F321B1F1EB00779422 /* OLS.swift in Sources */,
				F9AC339C21D0294800EF7F94 /* CandleChartViewController.swift in Sources */,
				F94C39B721BC535600FB98EC /* SavingService.swift in Sources */,
			);
			runOnlyForDeploymentPostprocessing = 0;
		};
/* End PBXSourcesBuildPhase section */

/* Begin PBXVariantGroup section */
		F9AA8E5C2199B7A400562A1F /* LaunchScreen.storyboard */ = {
			isa = PBXVariantGroup;
			children = (
				F9AA8E5D2199B7A400562A1F /* Base */,
			);
			name = LaunchScreen.storyboard;
			sourceTree = "<group>";
		};
/* End PBXVariantGroup section */

/* Begin XCBuildConfiguration section */
		F9AA8E602199B7A400562A1F /* Debug */ = {
			isa = XCBuildConfiguration;
			buildSettings = {
				ALWAYS_SEARCH_USER_PATHS = NO;
				CLANG_ANALYZER_NONNULL = YES;
				CLANG_ANALYZER_NUMBER_OBJECT_CONVERSION = YES_AGGRESSIVE;
				CLANG_CXX_LANGUAGE_STANDARD = "gnu++14";
				CLANG_CXX_LIBRARY = "libc++";
				CLANG_ENABLE_MODULES = YES;
				CLANG_ENABLE_OBJC_ARC = YES;
				CLANG_ENABLE_OBJC_WEAK = YES;
				CLANG_WARN_BLOCK_CAPTURE_AUTORELEASING = YES;
				CLANG_WARN_BOOL_CONVERSION = YES;
				CLANG_WARN_COMMA = YES;
				CLANG_WARN_CONSTANT_CONVERSION = YES;
				CLANG_WARN_DEPRECATED_OBJC_IMPLEMENTATIONS = YES;
				CLANG_WARN_DIRECT_OBJC_ISA_USAGE = YES_ERROR;
				CLANG_WARN_DOCUMENTATION_COMMENTS = YES;
				CLANG_WARN_EMPTY_BODY = YES;
				CLANG_WARN_ENUM_CONVERSION = YES;
				CLANG_WARN_INFINITE_RECURSION = YES;
				CLANG_WARN_INT_CONVERSION = YES;
				CLANG_WARN_NON_LITERAL_NULL_CONVERSION = YES;
				CLANG_WARN_OBJC_IMPLICIT_RETAIN_SELF = YES;
				CLANG_WARN_OBJC_LITERAL_CONVERSION = YES;
				CLANG_WARN_OBJC_ROOT_CLASS = YES_ERROR;
				CLANG_WARN_RANGE_LOOP_ANALYSIS = YES;
				CLANG_WARN_STRICT_PROTOTYPES = YES;
				CLANG_WARN_SUSPICIOUS_MOVE = YES;
				CLANG_WARN_UNGUARDED_AVAILABILITY = YES_AGGRESSIVE;
				CLANG_WARN_UNREACHABLE_CODE = YES;
				CLANG_WARN__DUPLICATE_METHOD_MATCH = YES;
				CODE_SIGN_IDENTITY = "iPhone Developer";
				COPY_PHASE_STRIP = NO;
				DEBUG_INFORMATION_FORMAT = dwarf;
				ENABLE_STRICT_OBJC_MSGSEND = YES;
				ENABLE_TESTABILITY = YES;
				GCC_C_LANGUAGE_STANDARD = gnu11;
				GCC_DYNAMIC_NO_PIC = NO;
				GCC_NO_COMMON_BLOCKS = YES;
				GCC_OPTIMIZATION_LEVEL = 0;
				GCC_PREPROCESSOR_DEFINITIONS = (
					"DEBUG=1",
					"$(inherited)",
				);
				GCC_WARN_64_TO_32_BIT_CONVERSION = YES;
				GCC_WARN_ABOUT_RETURN_TYPE = YES_ERROR;
				GCC_WARN_UNDECLARED_SELECTOR = YES;
				GCC_WARN_UNINITIALIZED_AUTOS = YES_AGGRESSIVE;
				GCC_WARN_UNUSED_FUNCTION = YES;
				GCC_WARN_UNUSED_VARIABLE = YES;
				IPHONEOS_DEPLOYMENT_TARGET = 12.1;
				MTL_ENABLE_DEBUG_INFO = INCLUDE_SOURCE;
				MTL_FAST_MATH = YES;
				ONLY_ACTIVE_ARCH = YES;
				SDKROOT = iphoneos;
				SWIFT_ACTIVE_COMPILATION_CONDITIONS = DEBUG;
				SWIFT_OPTIMIZATION_LEVEL = "-Onone";
			};
			name = Debug;
		};
		F9AA8E612199B7A400562A1F /* Release */ = {
			isa = XCBuildConfiguration;
			buildSettings = {
				ALWAYS_SEARCH_USER_PATHS = NO;
				CLANG_ANALYZER_NONNULL = YES;
				CLANG_ANALYZER_NUMBER_OBJECT_CONVERSION = YES_AGGRESSIVE;
				CLANG_CXX_LANGUAGE_STANDARD = "gnu++14";
				CLANG_CXX_LIBRARY = "libc++";
				CLANG_ENABLE_MODULES = YES;
				CLANG_ENABLE_OBJC_ARC = YES;
				CLANG_ENABLE_OBJC_WEAK = YES;
				CLANG_WARN_BLOCK_CAPTURE_AUTORELEASING = YES;
				CLANG_WARN_BOOL_CONVERSION = YES;
				CLANG_WARN_COMMA = YES;
				CLANG_WARN_CONSTANT_CONVERSION = YES;
				CLANG_WARN_DEPRECATED_OBJC_IMPLEMENTATIONS = YES;
				CLANG_WARN_DIRECT_OBJC_ISA_USAGE = YES_ERROR;
				CLANG_WARN_DOCUMENTATION_COMMENTS = YES;
				CLANG_WARN_EMPTY_BODY = YES;
				CLANG_WARN_ENUM_CONVERSION = YES;
				CLANG_WARN_INFINITE_RECURSION = YES;
				CLANG_WARN_INT_CONVERSION = YES;
				CLANG_WARN_NON_LITERAL_NULL_CONVERSION = YES;
				CLANG_WARN_OBJC_IMPLICIT_RETAIN_SELF = YES;
				CLANG_WARN_OBJC_LITERAL_CONVERSION = YES;
				CLANG_WARN_OBJC_ROOT_CLASS = YES_ERROR;
				CLANG_WARN_RANGE_LOOP_ANALYSIS = YES;
				CLANG_WARN_STRICT_PROTOTYPES = YES;
				CLANG_WARN_SUSPICIOUS_MOVE = YES;
				CLANG_WARN_UNGUARDED_AVAILABILITY = YES_AGGRESSIVE;
				CLANG_WARN_UNREACHABLE_CODE = YES;
				CLANG_WARN__DUPLICATE_METHOD_MATCH = YES;
				CODE_SIGN_IDENTITY = "iPhone Developer";
				COPY_PHASE_STRIP = NO;
				DEBUG_INFORMATION_FORMAT = "dwarf-with-dsym";
				ENABLE_NS_ASSERTIONS = NO;
				ENABLE_STRICT_OBJC_MSGSEND = YES;
				GCC_C_LANGUAGE_STANDARD = gnu11;
				GCC_NO_COMMON_BLOCKS = YES;
				GCC_WARN_64_TO_32_BIT_CONVERSION = YES;
				GCC_WARN_ABOUT_RETURN_TYPE = YES_ERROR;
				GCC_WARN_UNDECLARED_SELECTOR = YES;
				GCC_WARN_UNINITIALIZED_AUTOS = YES_AGGRESSIVE;
				GCC_WARN_UNUSED_FUNCTION = YES;
				GCC_WARN_UNUSED_VARIABLE = YES;
				IPHONEOS_DEPLOYMENT_TARGET = 12.1;
				MTL_ENABLE_DEBUG_INFO = NO;
				MTL_FAST_MATH = YES;
				SDKROOT = iphoneos;
				SWIFT_COMPILATION_MODE = wholemodule;
				SWIFT_OPTIMIZATION_LEVEL = "-O";
				VALIDATE_PRODUCT = YES;
			};
			name = Release;
		};
		F9AA8E632199B7A400562A1F /* Debug */ = {
			isa = XCBuildConfiguration;
			baseConfigurationReference = C11274C3C9B3985703778622 /* Pods-BLUE.debug.xcconfig */;
			buildSettings = {
				ASSETCATALOG_COMPILER_APPICON_NAME = AppIcon;
				CODE_SIGN_ENTITLEMENTS = BLUE/BLUE.entitlements;
				CODE_SIGN_STYLE = Automatic;
				DEVELOPMENT_TEAM = 24C92L3HM3;
				INFOPLIST_FILE = BLUE/Info.plist;
				LD_RUNPATH_SEARCH_PATHS = (
					"$(inherited)",
					"@executable_path/Frameworks",
				);
				PRODUCT_BUNDLE_IDENTIFIER = com.struna.BLUE;
				PRODUCT_NAME = "$(TARGET_NAME)";
				SWIFT_VERSION = 4.2;
				TARGETED_DEVICE_FAMILY = "1,2";
			};
			name = Debug;
		};
		F9AA8E642199B7A400562A1F /* Release */ = {
			isa = XCBuildConfiguration;
			baseConfigurationReference = 18A4C8C755078E31FF9E3FF3 /* Pods-BLUE.release.xcconfig */;
			buildSettings = {
				ASSETCATALOG_COMPILER_APPICON_NAME = AppIcon;
				CODE_SIGN_ENTITLEMENTS = BLUE/BLUE.entitlements;
				CODE_SIGN_STYLE = Automatic;
				DEVELOPMENT_TEAM = 24C92L3HM3;
				INFOPLIST_FILE = BLUE/Info.plist;
				LD_RUNPATH_SEARCH_PATHS = (
					"$(inherited)",
					"@executable_path/Frameworks",
				);
				PRODUCT_BUNDLE_IDENTIFIER = com.struna.BLUE;
				PRODUCT_NAME = "$(TARGET_NAME)";
				SWIFT_VERSION = 4.2;
				TARGETED_DEVICE_FAMILY = "1,2";
			};
			name = Release;
		};
/* End XCBuildConfiguration section */

/* Begin XCConfigurationList section */
		F9AA8E482199B7A200562A1F /* Build configuration list for PBXProject "BLUE" */ = {
			isa = XCConfigurationList;
			buildConfigurations = (
				F9AA8E602199B7A400562A1F /* Debug */,
				F9AA8E612199B7A400562A1F /* Release */,
			);
			defaultConfigurationIsVisible = 0;
			defaultConfigurationName = Release;
		};
		F9AA8E622199B7A400562A1F /* Build configuration list for PBXNativeTarget "BLUE" */ = {
			isa = XCConfigurationList;
			buildConfigurations = (
				F9AA8E632199B7A400562A1F /* Debug */,
				F9AA8E642199B7A400562A1F /* Release */,
			);
			defaultConfigurationIsVisible = 0;
			defaultConfigurationName = Release;
		};
/* End XCConfigurationList section */
	};
	rootObject = F9AA8E452199B7A200562A1F /* Project object */;
}
